# This file is auto-generated by agr. Do not edit.

version = 1

[[skill]]
handle = "kasperjunge/skills/interview-blog-post"
source = "github"
commit = "74d1b8372c9b6a32138e8ae08c29fe4892b871e5"
content-hash = "sha256:bb1288f9846942966bc699527cf2344cf28525152354c037470fa7d8f6265007"
installed-name = "interview-blog-post"
